
Microsoft Visual Studio Solution File, Format Version 12.00
# Visual Studio Version 17
VisualStudioVersion = 17.7.34031.279
MinimumVisualStudioVersion = 10.0.40219.1
Project("{9A19103F-16F7-4668-BE54-9A1E7A4F7556}") = "takenBeheer_wpf", "takenBeheer\takenBeheer_wpf.csproj", "{FFEE87D3-BD2A-4148-938C-F4CA5A0F9E50}"
EndProject
Project("{9A19103F-16F7-4668-BE54-9A1E7A4F7556}") = "takenbeheer_models", "takenbeheer_models\takenbeheer_models.csproj", "{97543643-6AD1-4B8F-A161-A014C9502AF6}"
EndProject
Project("{9A19103F-16F7-4668-BE54-9A1E7A4F7556}") = "takenbeheer_dal", "takenbeheer_dal\takenbeheer_dal.csproj", "{85DB9551-0A81-4AE0-94E1-8971A26AEC8D}"
EndProject
Project("{2150E333-8FDC-42A3-9474-1A3956D46DE8}") = "Solution Items", "Solution Items", "{228BE5BF-E4CF-42F3-80CE-890B95F74B3C}"
	ProjectSection(SolutionItems) = preProject
		insert-SQL.txt = insert-SQL.txt
	EndProjectSection
EndProject
Global
	GlobalSection(SolutionConfigurationPlatforms) = preSolution
		Debug|Any CPU = Debug|Any CPU
		Release|Any CPU = Release|Any CPU
	EndGlobalSection
	GlobalSection(ProjectConfigurationPlatforms) = postSolution
		{FFEE87D3-BD2A-4148-938C-F4CA5A0F9E50}.Debug|Any CPU.ActiveCfg = Debug|Any CPU
		{FFEE87D3-BD2A-4148-938C-F4CA5A0F9E50}.Debug|Any CPU.Build.0 = Debug|Any CPU
		{FFEE87D3-BD2A-4148-938C-F4CA5A0F9E50}.Release|Any CPU.ActiveCfg = Release|Any CPU
		{FFEE87D3-BD2A-4148-938C-F4CA5A0F9E50}.Release|Any CPU.Build.0 = Release|Any CPU
		{97543643-6AD1-4B8F-A161-A014C9502AF6}.Debug|Any CPU.ActiveCfg = Debug|Any CPU
		{97543643-6AD1-4B8F-A161-A014C9502AF6}.Debug|Any CPU.Build.0 = Debug|Any CPU
		{97543643-6AD1-4B8F-A161-A014C9502AF6}.Release|Any CPU.ActiveCfg = Release|Any CPU
		{97543643-6AD1-4B8F-A161-A014C9502AF6}.Release|Any CPU.Build.0 = Release|Any CPU
		{85DB9551-0A81-4AE0-94E1-8971A26AEC8D}.Debug|Any CPU.ActiveCfg = Debug|Any CPU
		{85DB9551-0A81-4AE0-94E1-8971A26AEC8D}.Debug|Any CPU.Build.0 = Debug|Any CPU
		{85DB9551-0A81-4AE0-94E1-8971A26AEC8D}.Release|Any CPU.ActiveCfg = Release|Any CPU
		{85DB9551-0A81-4AE0-94E1-8971A26AEC8D}.Release|Any CPU.Build.0 = Release|Any CPU
	EndGlobalSection
	GlobalSection(SolutionProperties) = preSolution
		HideSolutionNode = FALSE
	EndGlobalSection
	GlobalSection(ExtensibilityGlobals) = postSolution
		SolutionGuid = {FFF55CDA-448F-497C-B677-3A7DE7119CAB}
	EndGlobalSection
EndGlobal
